
Microsoft Visual Studio Solution File, Format Version 12.00
# Visual Studio Version 16
VisualStudioVersion = 16.0.31410.357
MinimumVisualStudioVersion = 10.0.40219.1
Project("{FAE04EC0-301F-11D3-BF4B-00C04F79EFBC}") = "EFTutorial", "EFTutorial.csproj", "{8429C7BA-82DC-4A61-B51A-3E509D0C4C8C}"
EndProject
Project("{2150E333-8FDC-42A3-9474-1A3956D46DE8}") = "DataLayer", "DataLayer", "{605BF654-6CE2-48C7-AD5E-F713B3F5A1ED}"
EndProject
Project("{FAE04EC0-301F-11D3-BF4B-00C04F79EFBC}") = "DataLayer", "..\DataLayer\DataLayer.csproj", "{EEA36EB8-C8BE-452B-A56A-476A89E6EDB2}"
EndProject
Global
	GlobalSection(SolutionConfigurationPlatforms) = preSolution
		Debug|Any CPU = Debug|Any CPU
		Release|Any CPU = Release|Any CPU
	EndGlobalSection
	GlobalSection(ProjectConfigurationPlatforms) = postSolution
		{8429C7BA-82DC-4A61-B51A-3E509D0C4C8C}.Debug|Any CPU.ActiveCfg = Debug|Any CPU
		{8429C7BA-82DC-4A61-B51A-3E509D0C4C8C}.Debug|Any CPU.Build.0 = Debug|Any CPU
		{8429C7BA-82DC-4A61-B51A-3E509D0C4C8C}.Release|Any CPU.ActiveCfg = Release|Any CPU
		{8429C7BA-82DC-4A61-B51A-3E509D0C4C8C}.Release|Any CPU.Build.0 = Release|Any CPU
		{EEA36EB8-C8BE-452B-A56A-476A89E6EDB2}.Debug|Any CPU.ActiveCfg = Debug|Any CPU
		{EEA36EB8-C8BE-452B-A56A-476A89E6EDB2}.Debug|Any CPU.Build.0 = Debug|Any CPU
		{EEA36EB8-C8BE-452B-A56A-476A89E6EDB2}.Release|Any CPU.ActiveCfg = Release|Any CPU
		{EEA36EB8-C8BE-452B-A56A-476A89E6EDB2}.Release|Any CPU.Build.0 = Release|Any CPU
	EndGlobalSection
	GlobalSection(SolutionProperties) = preSolution
		HideSolutionNode = FALSE
	EndGlobalSection
	GlobalSection(NestedProjects) = preSolution
		{EEA36EB8-C8BE-452B-A56A-476A89E6EDB2} = {605BF654-6CE2-48C7-AD5E-F713B3F5A1ED}
	EndGlobalSection
	GlobalSection(ExtensibilityGlobals) = postSolution
		SolutionGuid = {1BD54F92-453F-47BB-B227-3578A34FAD83}
	EndGlobalSection
EndGlobal
